{
  "version": 4,
  "terraform_version": "1.4.5",
  "serial": 20,
  "lineage": "b437e9c1-9df5-ab95-1d54-c7c8fd408008",
  "outputs": {
    "comments": {
      "value": "{\n  \"id\": 1,\n  \"name\": \"Sample Comment 1\"\n}",
      "type": "string"
    },
    "comments-data": {
      "value": {
        "id": "1",
        "name": "Sample Comment 1"
      },
      "type": [
        "map",
        "string"
      ]
    },
    "curl_comments": {
      "value": {
        "id": 1,
        "name": "Sample Comment 1"
      },
      "type": [
        "object",
        {
          "id": "number",
          "name": "string"
        }
      ]
    },
    "curl_comments_name": {
      "value": "Sample Comment 1",
      "type": "string"
    },
    "users": {
      "value": "{\n  \"id\": 1,\n  \"name\": \"User 1\",\n  \"username\": \"username1\",\n  \"email\": \"user1@example.com\"\n}",
      "type": "string"
    },
    "users-data": {
      "value": {
        "email": "user1@example.com",
        "id": "1",
        "name": "User 1",
        "username": "username1"
      },
      "type": [
        "map",
        "string"
      ]
    }
  },
  "resources": [
    {
      "module": "module.curl",
      "mode": "data",
      "type": "curl",
      "name": "getComments",
      "provider": "provider[\"registry.terraform.io/anschoewe/curl\"]",
      "instances": [
        {
          "schema_version": 0,
          "attributes": {
            "http_method": "GET",
            "id": "1681980142",
            "response": "{\n  \"id\": 1,\n  \"name\": \"Sample Comment 1\"\n}",
            "uri": "http://localhost:8000/comments/1"
          },
          "sensitive_attributes": []
        }
      ]
    },
    {
      "module": "module.demo-1",
      "mode": "data",
      "type": "restapi_object",
      "name": "comments",
      "provider": "provider[\"registry.terraform.io/mastercard/restapi\"]",
      "instances": [
        {
          "schema_version": 0,
          "attributes": {
            "api_data": {
              "id": "1",
              "name": "Sample Comment 1"
            },
            "api_response": "{\n  \"id\": 1,\n  \"name\": \"Sample Comment 1\"\n}",
            "debug": null,
            "id": "1",
            "id_attribute": null,
            "path": "/comments/",
            "query_string": null,
            "read_query_string": "not-set",
            "results_key": null,
            "search_key": "id",
            "search_path": null,
            "search_value": "1"
          },
          "sensitive_attributes": []
        }
      ]
    },
    {
      "module": "module.demo-1",
      "mode": "data",
      "type": "restapi_object",
      "name": "users",
      "provider": "provider[\"registry.terraform.io/mastercard/restapi\"]",
      "instances": [
        {
          "schema_version": 0,
          "attributes": {
            "api_data": {
              "email": "user1@example.com",
              "id": "1",
              "name": "User 1",
              "username": "username1"
            },
            "api_response": "{\n  \"id\": 1,\n  \"name\": \"User 1\",\n  \"username\": \"username1\",\n  \"email\": \"user1@example.com\"\n}",
            "debug": null,
            "id": "1",
            "id_attribute": null,
            "path": "/users/",
            "query_string": null,
            "read_query_string": "not-set",
            "results_key": null,
            "search_key": "id",
            "search_path": null,
            "search_value": "1"
          },
          "sensitive_attributes": []
        }
      ]
    },
    {
      "module": "module.demo-1",
      "mode": "managed",
      "type": "restapi_object",
      "name": "add-user",
      "provider": "provider[\"registry.terraform.io/mastercard/restapi\"]",
      "instances": [
        {
          "schema_version": 0,
          "attributes": {
            "api_data": {
              "email": "user4@example.com",
              "id": "4",
              "name": "koko",
              "username": "username4"
            },
            "api_response": "{\n  \"email\": \"user4@example.com\",\n  \"id\": \"4\",\n  \"name\": \"koko\",\n  \"username\": \"username4\"\n}",
            "create_method": null,
            "create_path": null,
            "create_response": "{\n  \"email\": \"user4@example.com\",\n  \"id\": \"4\",\n  \"name\": \"koko\",\n  \"username\": \"username4\"\n}",
            "data": "{\"id\":\"4\",\"name\":\"koko\",\"username\": \"username4\",  \"email\":\"user4@example.com\"}",
            "debug": null,
            "destroy_data": null,
            "destroy_method": null,
            "destroy_path": null,
            "force_new": null,
            "id": "4",
            "id_attribute": null,
            "object_id": null,
            "path": "/users/",
            "query_string": null,
            "read_method": null,
            "read_path": null,
            "read_search": null,
            "update_data": null,
            "update_method": null,
            "update_path": null
          },
          "sensitive_attributes": [],
          "private": "bnVsbA=="
        }
      ]
    }
  ],
  "check_results": null
}
